
Microsoft Visual Studio Solution File, Format Version 12.00
# Visual Studio 2012
Project("{FAE04EC0-301F-11D3-BF4B-00C04F79EFBC}") = "ShutterVerseIlluminanceDataLogger", "ShutterVerseIlluminanceDataLogger\ShutterVerseIlluminanceDataLogger.csproj", "{A0E92F18-23B1-4D2F-B2FF-ADECA82DAE2A}"
EndProject
Global
	GlobalSection(SolutionConfigurationPlatforms) = preSolution
		Debug|Any CPU = Debug|Any CPU
		Release|Any CPU = Release|Any CPU
	EndGlobalSection
	GlobalSection(ProjectConfigurationPlatforms) = postSolution
		{A0E92F18-23B1-4D2F-B2FF-ADECA82DAE2A}.Debug|Any CPU.ActiveCfg = Debug|Any CPU
		{A0E92F18-23B1-4D2F-B2FF-ADECA82DAE2A}.Debug|Any CPU.Build.0 = Debug|Any CPU
		{A0E92F18-23B1-4D2F-B2FF-ADECA82DAE2A}.Release|Any CPU.ActiveCfg = Release|Any CPU
		{A0E92F18-23B1-4D2F-B2FF-ADECA82DAE2A}.Release|Any CPU.Build.0 = Release|Any CPU
	EndGlobalSection
	GlobalSection(SolutionProperties) = preSolution
		HideSolutionNode = FALSE
	EndGlobalSection
EndGlobal
